PODS:
  - SlideUpPanel (1.0.5)

DEPENDENCIES:
  - SlideUpPanel (from `../SlideUpPanel/`)

EXTERNAL SOURCES:
  SlideUpPanel:
    :path: "../SlideUpPanel/"

SPEC CHECKSUMS:
  SlideUpPanel: 301c2daed6a4b60ac8a85ca74270e3bbc248e681

PODFILE CHECKSUM: fc8e39c31bfa88b43119dd48875d8be9d6971e66

COCOAPODS: 1.5.3
